
Microsoft Visual Studio Solution File, Format Version 12.00
# Visual Studio Version 16
VisualStudioVersion = 16.0.30517.126
MinimumVisualStudioVersion = 10.0.40219.1
Project("{FAE04EC0-301F-11D3-BF4B-00C04F79EFBC}") = "Desctop", "Desctop\Desctop.csproj", "{F9726AC5-DEB1-453E-BAD9-7F678148BDFC}"
EndProject
Global
	GlobalSection(SolutionConfigurationPlatforms) = preSolution
		Debug|Any CPU = Debug|Any CPU
		Release|Any CPU = Release|Any CPU
	EndGlobalSection
	GlobalSection(ProjectConfigurationPlatforms) = postSolution
		{F9726AC5-DEB1-453E-BAD9-7F678148BDFC}.Debug|Any CPU.ActiveCfg = Debug|Any CPU
		{F9726AC5-DEB1-453E-BAD9-7F678148BDFC}.Debug|Any CPU.Build.0 = Debug|Any CPU
		{F9726AC5-DEB1-453E-BAD9-7F678148BDFC}.Release|Any CPU.ActiveCfg = Release|Any CPU
		{F9726AC5-DEB1-453E-BAD9-7F678148BDFC}.Release|Any CPU.Build.0 = Release|Any CPU
	EndGlobalSection
	GlobalSection(SolutionProperties) = preSolution
		HideSolutionNode = FALSE
	EndGlobalSection
	GlobalSection(ExtensibilityGlobals) = postSolution
		SolutionGuid = {31BCB540-2701-43E7-9CC2-D74F5B6B5F63}
	EndGlobalSection
EndGlobal
